// !$*UTF8*$!
{
	archiveVersion = 1;
	classes = {
	};
	objectVersion = 50;
	objects = {

/* Begin PBXBuildFile section */
		1E089C0A2101085C00589C43 /* Notes.storyboard in Resources */ = {isa = PBXBuildFile; fileRef = 1E089C092101085C00589C43 /* Notes.storyboard */; };
		1E089C0C21010ACE00589C43 /* ListViewController.swift in Sources */ = {isa = PBXBuildFile; fileRef = 1E089C0B21010ACE00589C43 /* ListViewController.swift */; };
		1E089C0E21010B3400589C43 /* EditRapViewController.swift in Sources */ = {isa = PBXBuildFile; fileRef = 1E089C0D21010B3400589C43 /* EditRapViewController.swift */; };
		1E089C10210110A800589C43 /* RapNoteCell.swift in Sources */ = {isa = PBXBuildFile; fileRef = 1E089C0F210110A800589C43 /* RapNoteCell.swift */; };
		1E089C12210120D900589C43 /* CoreDataHelper.swift in Sources */ = {isa = PBXBuildFile; fileRef = 1E089C11210120D900589C43 /* CoreDataHelper.swift */; };
		1E13A06820FD0A93001763B2 /* AppDelegate.swift in Sources */ = {isa = PBXBuildFile; fileRef = 1E13A06720FD0A93001763B2 /* AppDelegate.swift */; };
		1E13A06A20FD0A93001763B2 /* HomeViewController.swift in Sources */ = {isa = PBXBuildFile; fileRef = 1E13A06920FD0A93001763B2 /* HomeViewController.swift */; };
		1E13A06D20FD0A93001763B2 /* Home.storyboard in Resources */ = {isa = PBXBuildFile; fileRef = 1E13A06B20FD0A93001763B2 /* Home.storyboard */; };
		1E13A07020FD0A93001763B2 /* RapApp.xcdatamodeld in Sources */ = {isa = PBXBuildFile; fileRef = 1E13A06E20FD0A93001763B2 /* RapApp.xcdatamodeld */; };
		1E13A07220FD0A94001763B2 /* Assets.xcassets in Resources */ = {isa = PBXBuildFile; fileRef = 1E13A07120FD0A94001763B2 /* Assets.xcassets */; };
		1E13A07520FD0A94001763B2 /* LaunchScreen.storyboard in Resources */ = {isa = PBXBuildFile; fileRef = 1E13A07320FD0A94001763B2 /* LaunchScreen.storyboard */; };
		1E387DE620FF9EB200A81193 /* MusicSelectionCell.swift in Sources */ = {isa = PBXBuildFile; fileRef = 1E387DE520FF9EB200A81193 /* MusicSelectionCell.swift */; };
		1E387DED20FFB3C800A81193 /* Beat1.mp3 in Resources */ = {isa = PBXBuildFile; fileRef = 1E387DE720FFB3C700A81193 /* Beat1.mp3 */; };
		1E387DEE20FFB3C800A81193 /* Beat2.mp3 in Resources */ = {isa = PBXBuildFile; fileRef = 1E387DE820FFB3C700A81193 /* Beat2.mp3 */; };
		1E387DEF20FFB3C800A81193 /* Beat6.mp3 in Resources */ = {isa = PBXBuildFile; fileRef = 1E387DE920FFB3C700A81193 /* Beat6.mp3 */; };
		1E387DF020FFB3C800A81193 /* Beat4.mp3 in Resources */ = {isa = PBXBuildFile; fileRef = 1E387DEA20FFB3C700A81193 /* Beat4.mp3 */; };
		1E387DF120FFB3C800A81193 /* Beat3.mp3 in Resources */ = {isa = PBXBuildFile; fileRef = 1E387DEB20FFB3C800A81193 /* Beat3.mp3 */; };
		1E387DF220FFB3C800A81193 /* Beat5.mp3 in Resources */ = {isa = PBXBuildFile; fileRef = 1E387DEC20FFB3C800A81193 /* Beat5.mp3 */; };
		1E387DF420FFC63400A81193 /* MusicSelection.swift in Sources */ = {isa = PBXBuildFile; fileRef = 1E387DF320FFC63400A81193 /* MusicSelection.swift */; };
		1E50DA4420FD68B600476801 /* StringFormatter.swift in Sources */ = {isa = PBXBuildFile; fileRef = 1E50DA4320FD68B600476801 /* StringFormatter.swift */; };
		1E73C8CF20FE5F9F00D227EF /* ScrubberBar.swift in Sources */ = {isa = PBXBuildFile; fileRef = 1E73C8CD20FE5F9F00D227EF /* ScrubberBar.swift */; };
		1E73C8D020FE5F9F00D227EF /* Info.plist in Resources */ = {isa = PBXBuildFile; fileRef = 1E73C8CE20FE5F9F00D227EF /* Info.plist */; };
		1E73C8D220FE619D00D227EF /* AVAudio.swift in Sources */ = {isa = PBXBuildFile; fileRef = 1E73C8D120FE619D00D227EF /* AVAudio.swift */; };
		1E73C8D420FE61A800D227EF /* ProgressView.swift in Sources */ = {isa = PBXBuildFile; fileRef = 1E73C8D320FE61A800D227EF /* ProgressView.swift */; };
		1E73C8D620FE637400D227EF /* UIColor.swift in Sources */ = {isa = PBXBuildFile; fileRef = 1E73C8D520FE637400D227EF /* UIColor.swift */; };
		1E73C8D820FE722A00D227EF /* SpotifyAPIService.swift in Sources */ = {isa = PBXBuildFile; fileRef = 1E73C8D720FE722A00D227EF /* SpotifyAPIService.swift */; };
		1E73C8DA20FE907B00D227EF /* SettingsViewController.swift in Sources */ = {isa = PBXBuildFile; fileRef = 1E73C8D920FE907B00D227EF /* SettingsViewController.swift */; };
		1E73C8DD20FE90BE00D227EF /* Settings.storyboard in Resources */ = {isa = PBXBuildFile; fileRef = 1E73C8DB20FE90BE00D227EF /* Settings.storyboard */; };
		1E73C8DF20FE995200D227EF /* Constants.swift in Sources */ = {isa = PBXBuildFile; fileRef = 1E73C8DE20FE995200D227EF /* Constants.swift */; };
		6C546F5E81C7AECF6FDF64CF /* Pods_RapApp.framework in Frameworks */ = {isa = PBXBuildFile; fileRef = 0C2344B71A174341092957E5 /* Pods_RapApp.framework */; };
		FA59770920FD697B00D564C2 /* WordArray.swift in Sources */ = {isa = PBXBuildFile; fileRef = FA59770820FD697B00D564C2 /* WordArray.swift */; };
		FA7AD17F20FD12E50027940A /* DatamuseAPIService.swift in Sources */ = {isa = PBXBuildFile; fileRef = FA7AD17E20FD12E50027940A /* DatamuseAPIService.swift */; };
		FA7AD18320FD13790027940A /* WordModel.swift in Sources */ = {isa = PBXBuildFile; fileRef = FA7AD18220FD13790027940A /* WordModel.swift */; };
		FADFF73E20FF299600D92AD2 /* String+ContainsWhiteSpace.swift in Sources */ = {isa = PBXBuildFile; fileRef = FADFF73D20FF299600D92AD2 /* String+ContainsWhiteSpace.swift */; };
/* End PBXBuildFile section */

/* Begin PBXFileReference section */
		0C2344B71A174341092957E5 /* Pods_RapApp.framework */ = {isa = PBXFileReference; explicitFileType = wrapper.framework; includeInIndex = 0; path = Pods_RapApp.framework; sourceTree = BUILT_PRODUCTS_DIR; };
		1E089C092101085C00589C43 /* Notes.storyboard */ = {isa = PBXFileReference; fileEncoding = 4; lastKnownFileType = file.storyboard; path = Notes.storyboard; sourceTree = "<group>"; };
		1E089C0B21010ACE00589C43 /* ListViewController.swift */ = {isa = PBXFileReference; lastKnownFileType = sourcecode.swift; path = ListViewController.swift; sourceTree = "<group>"; };
		1E089C0D21010B3400589C43 /* EditRapViewController.swift */ = {isa = PBXFileReference; lastKnownFileType = sourcecode.swift; path = EditRapViewController.swift; sourceTree = "<group>"; };
		1E089C0F210110A800589C43 /* RapNoteCell.swift */ = {isa = PBXFileReference; lastKnownFileType = sourcecode.swift; path = RapNoteCell.swift; sourceTree = "<group>"; };
		1E089C11210120D900589C43 /* CoreDataHelper.swift */ = {isa = PBXFileReference; lastKnownFileType = sourcecode.swift; path = CoreDataHelper.swift; sourceTree = "<group>"; };
		1E13A06420FD0A93001763B2 /* RapApp.app */ = {isa = PBXFileReference; explicitFileType = wrapper.application; includeInIndex = 0; path = RapApp.app; sourceTree = BUILT_PRODUCTS_DIR; };
		1E13A06720FD0A93001763B2 /* AppDelegate.swift */ = {isa = PBXFileReference; lastKnownFileType = sourcecode.swift; path = AppDelegate.swift; sourceTree = "<group>"; };
		1E13A06920FD0A93001763B2 /* HomeViewController.swift */ = {isa = PBXFileReference; lastKnownFileType = sourcecode.swift; path = HomeViewController.swift; sourceTree = "<group>"; };
		1E13A06C20FD0A93001763B2 /* Base */ = {isa = PBXFileReference; lastKnownFileType = file.storyboard; name = Base; path = Base.lproj/Home.storyboard; sourceTree = "<group>"; };
		1E13A06F20FD0A93001763B2 /* RapApp.xcdatamodel */ = {isa = PBXFileReference; lastKnownFileType = wrapper.xcdatamodel; path = RapApp.xcdatamodel; sourceTree = "<group>"; };
		1E13A07120FD0A94001763B2 /* Assets.xcassets */ = {isa = PBXFileReference; lastKnownFileType = folder.assetcatalog; path = Assets.xcassets; sourceTree = "<group>"; };
		1E13A07420FD0A94001763B2 /* Base */ = {isa = PBXFileReference; lastKnownFileType = file.storyboard; name = Base; path = Base.lproj/LaunchScreen.storyboard; sourceTree = "<group>"; };
		1E13A07620FD0A94001763B2 /* Info.plist */ = {isa = PBXFileReference; lastKnownFileType = text.plist.xml; path = Info.plist; sourceTree = "<group>"; };
		1E387DE520FF9EB200A81193 /* MusicSelectionCell.swift */ = {isa = PBXFileReference; lastKnownFileType = sourcecode.swift; path = MusicSelectionCell.swift; sourceTree = "<group>"; };
		1E387DE720FFB3C700A81193 /* Beat1.mp3 */ = {isa = PBXFileReference; lastKnownFileType = audio.mp3; path = Beat1.mp3; sourceTree = "<group>"; };
		1E387DE820FFB3C700A81193 /* Beat2.mp3 */ = {isa = PBXFileReference; lastKnownFileType = audio.mp3; path = Beat2.mp3; sourceTree = "<group>"; };
		1E387DE920FFB3C700A81193 /* Beat6.mp3 */ = {isa = PBXFileReference; lastKnownFileType = audio.mp3; path = Beat6.mp3; sourceTree = "<group>"; };
		1E387DEA20FFB3C700A81193 /* Beat4.mp3 */ = {isa = PBXFileReference; lastKnownFileType = audio.mp3; path = Beat4.mp3; sourceTree = "<group>"; };
		1E387DEB20FFB3C800A81193 /* Beat3.mp3 */ = {isa = PBXFileReference; lastKnownFileType = audio.mp3; path = Beat3.mp3; sourceTree = "<group>"; };
		1E387DEC20FFB3C800A81193 /* Beat5.mp3 */ = {isa = PBXFileReference; lastKnownFileType = audio.mp3; path = Beat5.mp3; sourceTree = "<group>"; };
		1E387DF320FFC63400A81193 /* MusicSelection.swift */ = {isa = PBXFileReference; lastKnownFileType = sourcecode.swift; path = MusicSelection.swift; sourceTree = "<group>"; };
		1E50DA4320FD68B600476801 /* StringFormatter.swift */ = {isa = PBXFileReference; fileEncoding = 4; lastKnownFileType = sourcecode.swift; path = StringFormatter.swift; sourceTree = "<group>"; };
		1E73C8CC20FE5F9F00D227EF /* ScrubberBar.h */ = {isa = PBXFileReference; fileEncoding = 4; lastKnownFileType = sourcecode.c.h; path = ScrubberBar.h; sourceTree = "<group>"; };
		1E73C8CD20FE5F9F00D227EF /* ScrubberBar.swift */ = {isa = PBXFileReference; fileEncoding = 4; lastKnownFileType = sourcecode.swift; path = ScrubberBar.swift; sourceTree = "<group>"; };
		1E73C8CE20FE5F9F00D227EF /* Info.plist */ = {isa = PBXFileReference; fileEncoding = 4; lastKnownFileType = text.plist.xml; path = Info.plist; sourceTree = "<group>"; };
		1E73C8D120FE619D00D227EF /* AVAudio.swift */ = {isa = PBXFileReference; lastKnownFileType = sourcecode.swift; path = AVAudio.swift; sourceTree = "<group>"; };
		1E73C8D320FE61A800D227EF /* ProgressView.swift */ = {isa = PBXFileReference; lastKnownFileType = sourcecode.swift; path = ProgressView.swift; sourceTree = "<group>"; };
		1E73C8D520FE637400D227EF /* UIColor.swift */ = {isa = PBXFileReference; lastKnownFileType = sourcecode.swift; path = UIColor.swift; sourceTree = "<group>"; };
		1E73C8D720FE722A00D227EF /* SpotifyAPIService.swift */ = {isa = PBXFileReference; lastKnownFileType = sourcecode.swift; path = SpotifyAPIService.swift; sourceTree = "<group>"; };
		1E73C8D920FE907B00D227EF /* SettingsViewController.swift */ = {isa = PBXFileReference; lastKnownFileType = sourcecode.swift; path = SettingsViewController.swift; sourceTree = "<group>"; };
		1E73C8DC20FE90BE00D227EF /* Base */ = {isa = PBXFileReference; lastKnownFileType = file.storyboard; name = Base; path = RapApp/Storyboard/Base.lproj/Settings.storyboard; sourceTree = "<group>"; };
		1E73C8DE20FE995200D227EF /* Constants.swift */ = {isa = PBXFileReference; lastKnownFileType = sourcecode.swift; path = Constants.swift; sourceTree = "<group>"; };
		E52C30CC610027D9DA8884F0 /* Pods-RapApp.debug.xcconfig */ = {isa = PBXFileReference; includeInIndex = 1; lastKnownFileType = text.xcconfig; name = "Pods-RapApp.debug.xcconfig"; path = "Pods/Target Support Files/Pods-RapApp/Pods-RapApp.debug.xcconfig"; sourceTree = "<group>"; };
		F4E9AFDB18B1425CF9055784 /* Pods-RapApp.release.xcconfig */ = {isa = PBXFileReference; includeInIndex = 1; lastKnownFileType = text.xcconfig; name = "Pods-RapApp.release.xcconfig"; path = "Pods/Target Support Files/Pods-RapApp/Pods-RapApp.release.xcconfig"; sourceTree = "<group>"; };
		FA59770820FD697B00D564C2 /* WordArray.swift */ = {isa = PBXFileReference; lastKnownFileType = sourcecode.swift; path = WordArray.swift; sourceTree = "<group>"; };
		FA7AD17E20FD12E50027940A /* DatamuseAPIService.swift */ = {isa = PBXFileReference; lastKnownFileType = sourcecode.swift; path = DatamuseAPIService.swift; sourceTree = "<group>"; };
		FA7AD18220FD13790027940A /* WordModel.swift */ = {isa = PBXFileReference; lastKnownFileType = sourcecode.swift; path = WordModel.swift; sourceTree = "<group>"; };
		FADFF73D20FF299600D92AD2 /* String+ContainsWhiteSpace.swift */ = {isa = PBXFileReference; lastKnownFileType = sourcecode.swift; path = "String+ContainsWhiteSpace.swift"; sourceTree = "<group>"; };
/* End PBXFileReference section */

/* Begin PBXFrameworksBuildPhase section */
		1E13A06120FD0A93001763B2 /* Frameworks */ = {
			isa = PBXFrameworksBuildPhase;
			buildActionMask = 2147483647;
			files = (
				6C546F5E81C7AECF6FDF64CF /* Pods_RapApp.framework in Frameworks */,
			);
			runOnlyForDeploymentPostprocessing = 0;
		};
/* End PBXFrameworksBuildPhase section */

/* Begin PBXGroup section */
		102F07B320B5B4EBD9C1F060 /* Frameworks */ = {
			isa = PBXGroup;
			children = (
				0C2344B71A174341092957E5 /* Pods_RapApp.framework */,
			);
			name = Frameworks;
			sourceTree = "<group>";
		};
		1E13A05B20FD0A93001763B2 = {
			isa = PBXGroup;
			children = (
				1E13A06620FD0A93001763B2 /* RapApp */,
				1E13A06520FD0A93001763B2 /* Products */,
				8424700B7A5252B3383F2BAC /* Pods */,
				102F07B320B5B4EBD9C1F060 /* Frameworks */,
			);
			sourceTree = "<group>";
		};
		1E13A06520FD0A93001763B2 /* Products */ = {
			isa = PBXGroup;
			children = (
				1E13A06420FD0A93001763B2 /* RapApp.app */,
			);
			name = Products;
			sourceTree = "<group>";
		};
		1E13A06620FD0A93001763B2 /* RapApp */ = {
			isa = PBXGroup;
			children = (
				1E13A06720FD0A93001763B2 /* AppDelegate.swift */,
				FA6D707C20FED285001A6C6E /* Music */,
				1E387DE420FF9E9D00A81193 /* View */,
				1E13A07C20FD0D6E001763B2 /* Model */,
				1E13A07F20FD0D8A001763B2 /* Controller */,
				1E13A08020FD0D91001763B2 /* Storyboard */,
				1E13A08320FD0DE7001763B2 /* Services */,
				1E13A08120FD0DDA001763B2 /* Helpers */,
				1E13A08220FD0DDE001763B2 /* Extensions */,
				1E73C8C420FE5F3700D227EF /* Scrubber Bar */,
				1E13A07120FD0A94001763B2 /* Assets.xcassets */,
				1E13A07620FD0A94001763B2 /* Info.plist */,
				1E13A06E20FD0A93001763B2 /* RapApp.xcdatamodeld */,
			);
			path = RapApp;
			sourceTree = "<group>";
		};
		1E13A07C20FD0D6E001763B2 /* Model */ = {
			isa = PBXGroup;
			children = (
				FA7AD18220FD13790027940A /* WordModel.swift */,
				1E387DF320FFC63400A81193 /* MusicSelection.swift */,
			);
			path = Model;
			sourceTree = "<group>";
		};
		1E13A07F20FD0D8A001763B2 /* Controller */ = {
			isa = PBXGroup;
			children = (
				1E13A06920FD0A93001763B2 /* HomeViewController.swift */,
				1E73C8D920FE907B00D227EF /* SettingsViewController.swift */,
				1E089C0B21010ACE00589C43 /* ListViewController.swift */,
				1E089C0D21010B3400589C43 /* EditRapViewController.swift */,
			);
			path = Controller;
			sourceTree = "<group>";
		};
		1E13A08020FD0D91001763B2 /* Storyboard */ = {
			isa = PBXGroup;
			children = (
				1E13A07320FD0A94001763B2 /* LaunchScreen.storyboard */,
				1E13A06B20FD0A93001763B2 /* Home.storyboard */,
				1E73C8DB20FE90BE00D227EF /* Settings.storyboard */,
				1E089C092101085C00589C43 /* Notes.storyboard */,
			);
			path = Storyboard;
			sourceTree = "<group>";
		};
		1E13A08120FD0DDA001763B2 /* Helpers */ = {
			isa = PBXGroup;
			children = (
				FA59770820FD697B00D564C2 /* WordArray.swift */,
				1E73C8DE20FE995200D227EF /* Constants.swift */,
				1E089C11210120D900589C43 /* CoreDataHelper.swift */,
			);
			path = Helpers;
			sourceTree = "<group>";
		};
		1E13A08220FD0DDE001763B2 /* Extensions */ = {
			isa = PBXGroup;
			children = (
				1E50DA4320FD68B600476801 /* StringFormatter.swift */,
				1E73C8D120FE619D00D227EF /* AVAudio.swift */,
				1E73C8D320FE61A800D227EF /* ProgressView.swift */,
				1E73C8D520FE637400D227EF /* UIColor.swift */,
				FADFF73D20FF299600D92AD2 /* String+ContainsWhiteSpace.swift */,
			);
			path = Extensions;
			sourceTree = "<group>";
		};
		1E13A08320FD0DE7001763B2 /* Services */ = {
			isa = PBXGroup;
			children = (
				FA7AD17E20FD12E50027940A /* DatamuseAPIService.swift */,
				1E73C8D720FE722A00D227EF /* SpotifyAPIService.swift */,
			);
			path = Services;
			sourceTree = "<group>";
		};
		1E387DE420FF9E9D00A81193 /* View */ = {
			isa = PBXGroup;
			children = (
				1E387DE520FF9EB200A81193 /* MusicSelectionCell.swift */,
				1E089C0F210110A800589C43 /* RapNoteCell.swift */,
			);
			path = View;
			sourceTree = "<group>";
		};
		1E73C8C420FE5F3700D227EF /* Scrubber Bar */ = {
			isa = PBXGroup;
			children = (
				1E73C8CE20FE5F9F00D227EF /* Info.plist */,
				1E73C8CC20FE5F9F00D227EF /* ScrubberBar.h */,
				1E73C8CD20FE5F9F00D227EF /* ScrubberBar.swift */,
			);
			path = "Scrubber Bar";
			sourceTree = "<group>";
		};
		8424700B7A5252B3383F2BAC /* Pods */ = {
			isa = PBXGroup;
			children = (
				E52C30CC610027D9DA8884F0 /* Pods-RapApp.debug.xcconfig */,
				F4E9AFDB18B1425CF9055784 /* Pods-RapApp.release.xcconfig */,
			);
			name = Pods;
			sourceTree = "<group>";
		};
		FA6D707C20FED285001A6C6E /* Music */ = {
			isa = PBXGroup;
			children = (
				1E387DE720FFB3C700A81193 /* Beat1.mp3 */,
				1E387DE820FFB3C700A81193 /* Beat2.mp3 */,
				1E387DEB20FFB3C800A81193 /* Beat3.mp3 */,
				1E387DEA20FFB3C700A81193 /* Beat4.mp3 */,
				1E387DEC20FFB3C800A81193 /* Beat5.mp3 */,
				1E387DE920FFB3C700A81193 /* Beat6.mp3 */,
			);
			name = Music;
			path = "New Group";
			sourceTree = "<group>";
		};
/* End PBXGroup section */

/* Begin PBXNativeTarget section */
		1E13A06320FD0A93001763B2 /* RapApp */ = {
			isa = PBXNativeTarget;
			buildConfigurationList = 1E13A07920FD0A94001763B2 /* Build configuration list for PBXNativeTarget "RapApp" */;
			buildPhases = (
				7698F2EA2BF82AFAF2F30522 /* [CP] Check Pods Manifest.lock */,
				1E13A06020FD0A93001763B2 /* Sources */,
				1E13A06120FD0A93001763B2 /* Frameworks */,
				1E13A06220FD0A93001763B2 /* Resources */,
			);
			buildRules = (
			);
			dependencies = (
			);
			name = RapApp;
			productName = RapApp;
			productReference = 1E13A06420FD0A93001763B2 /* RapApp.app */;
			productType = "com.apple.product-type.application";
		};
/* End PBXNativeTarget section */

/* Begin PBXProject section */
		1E13A05C20FD0A93001763B2 /* Project object */ = {
			isa = PBXProject;
			attributes = {
				LastSwiftUpdateCheck = 0940;
				LastUpgradeCheck = 0940;
				ORGANIZATIONNAME = "Michael Hayashi";
				TargetAttributes = {
					1E13A06320FD0A93001763B2 = {
						CreatedOnToolsVersion = 9.4.1;
					};
				};
			};
			buildConfigurationList = 1E13A05F20FD0A93001763B2 /* Build configuration list for PBXProject "RapApp" */;
			compatibilityVersion = "Xcode 9.3";
			developmentRegion = en;
			hasScannedForEncodings = 0;
			knownRegions = (
				en,
				Base,
			);
			mainGroup = 1E13A05B20FD0A93001763B2;
			productRefGroup = 1E13A06520FD0A93001763B2 /* Products */;
			projectDirPath = "";
			projectRoot = "";
			targets = (
				1E13A06320FD0A93001763B2 /* RapApp */,
			);
		};
/* End PBXProject section */

/* Begin PBXResourcesBuildPhase section */
		1E13A06220FD0A93001763B2 /* Resources */ = {
			isa = PBXResourcesBuildPhase;
			buildActionMask = 2147483647;
			files = (
				1E089C0A2101085C00589C43 /* Notes.storyboard in Resources */,
				1E73C8D020FE5F9F00D227EF /* Info.plist in Resources */,
				1E387DEF20FFB3C800A81193 /* Beat6.mp3 in Resources */,
				1E13A07520FD0A94001763B2 /* LaunchScreen.storyboard in Resources */,
				1E387DEE20FFB3C800A81193 /* Beat2.mp3 in Resources */,
				1E387DF120FFB3C800A81193 /* Beat3.mp3 in Resources */,
				1E13A07220FD0A94001763B2 /* Assets.xcassets in Resources */,
				1E387DF220FFB3C800A81193 /* Beat5.mp3 in Resources */,
				1E13A06D20FD0A93001763B2 /* Home.storyboard in Resources */,
				1E387DED20FFB3C800A81193 /* Beat1.mp3 in Resources */,
				1E387DF020FFB3C800A81193 /* Beat4.mp3 in Resources */,
				1E73C8DD20FE90BE00D227EF /* Settings.storyboard in Resources */,
			);
			runOnlyForDeploymentPostprocessing = 0;
		};
/* End PBXResourcesBuildPhase section */

/* Begin PBXShellScriptBuildPhase section */
		7698F2EA2BF82AFAF2F30522 /* [CP] Check Pods Manifest.lock */ = {
			isa = PBXShellScriptBuildPhase;
			buildActionMask = 2147483647;
			files = (
			);
			inputPaths = (
				"${PODS_PODFILE_DIR_PATH}/Podfile.lock",
				"${PODS_ROOT}/Manifest.lock",
			);
			name = "[CP] Check Pods Manifest.lock";
			outputPaths = (
				"$(DERIVED_FILE_DIR)/Pods-RapApp-checkManifestLockResult.txt",
			);
			runOnlyForDeploymentPostprocessing = 0;
			shellPath = /bin/sh;
			shellScript = "diff \"${PODS_PODFILE_DIR_PATH}/Podfile.lock\" \"${PODS_ROOT}/Manifest.lock\" > /dev/null\nif [ $? != 0 ] ; then\n    # print error to STDERR\n    echo \"error: The sandbox is not in sync with the Podfile.lock. Run 'pod install' or update your CocoaPods installation.\" >&2\n    exit 1\nfi\n# This output is used by Xcode 'outputs' to avoid re-running this script phase.\necho \"SUCCESS\" > \"${SCRIPT_OUTPUT_FILE_0}\"\n";
			showEnvVarsInLog = 0;
		};
/* End PBXShellScriptBuildPhase section */

/* Begin PBXSourcesBuildPhase section */
		1E13A06020FD0A93001763B2 /* Sources */ = {
			isa = PBXSourcesBuildPhase;
			buildActionMask = 2147483647;
			files = (
				1E13A06A20FD0A93001763B2 /* HomeViewController.swift in Sources */,
				1E73C8DA20FE907B00D227EF /* SettingsViewController.swift in Sources */,
				1E73C8CF20FE5F9F00D227EF /* ScrubberBar.swift in Sources */,
				1E089C12210120D900589C43 /* CoreDataHelper.swift in Sources */,
				1E50DA4420FD68B600476801 /* StringFormatter.swift in Sources */,
				1E13A06820FD0A93001763B2 /* AppDelegate.swift in Sources */,
				1E089C10210110A800589C43 /* RapNoteCell.swift in Sources */,
				FADFF73E20FF299600D92AD2 /* String+ContainsWhiteSpace.swift in Sources */,
				1E387DF420FFC63400A81193 /* MusicSelection.swift in Sources */,
				FA7AD17F20FD12E50027940A /* DatamuseAPIService.swift in Sources */,
				1E13A07020FD0A93001763B2 /* RapApp.xcdatamodeld in Sources */,
				1E73C8D220FE619D00D227EF /* AVAudio.swift in Sources */,
				1E73C8D620FE637400D227EF /* UIColor.swift in Sources */,
				1E387DE620FF9EB200A81193 /* MusicSelectionCell.swift in Sources */,
				1E73C8D420FE61A800D227EF /* ProgressView.swift in Sources */,
				FA59770920FD697B00D564C2 /* WordArray.swift in Sources */,
				1E089C0C21010ACE00589C43 /* ListViewController.swift in Sources */,
				1E73C8DF20FE995200D227EF /* Constants.swift in Sources */,
				FA7AD18320FD13790027940A /* WordModel.swift in Sources */,
				1E73C8D820FE722A00D227EF /* SpotifyAPIService.swift in Sources */,
				1E089C0E21010B3400589C43 /* EditRapViewController.swift in Sources */,
			);
			runOnlyForDeploymentPostprocessing = 0;
		};
/* End PBXSourcesBuildPhase section */

/* Begin PBXVariantGroup section */
		1E13A06B20FD0A93001763B2 /* Home.storyboard */ = {
			isa = PBXVariantGroup;
			children = (
				1E13A06C20FD0A93001763B2 /* Base */,
			);
			name = Home.storyboard;
			sourceTree = "<group>";
		};
		1E13A07320FD0A94001763B2 /* LaunchScreen.storyboard */ = {
			isa = PBXVariantGroup;
			children = (
				1E13A07420FD0A94001763B2 /* Base */,
			);
			name = LaunchScreen.storyboard;
			sourceTree = "<group>";
		};
		1E73C8DB20FE90BE00D227EF /* Settings.storyboard */ = {
			isa = PBXVariantGroup;
			children = (
				1E73C8DC20FE90BE00D227EF /* Base */,
			);
			name = Settings.storyboard;
			sourceTree = "<group>";
		};
/* End PBXVariantGroup section */

/* Begin XCBuildConfiguration section */
		1E13A07720FD0A94001763B2 /* Debug */ = {
			isa = XCBuildConfiguration;
			buildSettings = {
				ALWAYS_SEARCH_USER_PATHS = NO;
				CLANG_ANALYZER_NONNULL = YES;
				CLANG_ANALYZER_NUMBER_OBJECT_CONVERSION = YES_AGGRESSIVE;
				CLANG_CXX_LANGUAGE_STANDARD = "gnu++14";
				CLANG_CXX_LIBRARY = "libc++";
				CLANG_ENABLE_MODULES = YES;
				CLANG_ENABLE_OBJC_ARC = YES;
				CLANG_ENABLE_OBJC_WEAK = YES;
				CLANG_WARN_BLOCK_CAPTURE_AUTORELEASING = YES;
				CLANG_WARN_BOOL_CONVERSION = YES;
				CLANG_WARN_COMMA = YES;
				CLANG_WARN_CONSTANT_CONVERSION = YES;
				CLANG_WARN_DEPRECATED_OBJC_IMPLEMENTATIONS = YES;
				CLANG_WARN_DIRECT_OBJC_ISA_USAGE = YES_ERROR;
				CLANG_WARN_DOCUMENTATION_COMMENTS = YES;
				CLANG_WARN_EMPTY_BODY = YES;
				CLANG_WARN_ENUM_CONVERSION = YES;
				CLANG_WARN_INFINITE_RECURSION = YES;
				CLANG_WARN_INT_CONVERSION = YES;
				CLANG_WARN_NON_LITERAL_NULL_CONVERSION = YES;
				CLANG_WARN_OBJC_IMPLICIT_RETAIN_SELF = YES;
				CLANG_WARN_OBJC_LITERAL_CONVERSION = YES;
				CLANG_WARN_OBJC_ROOT_CLASS = YES_ERROR;
				CLANG_WARN_RANGE_LOOP_ANALYSIS = YES;
				CLANG_WARN_STRICT_PROTOTYPES = YES;
				CLANG_WARN_SUSPICIOUS_MOVE = YES;
				CLANG_WARN_UNGUARDED_AVAILABILITY = YES_AGGRESSIVE;
				CLANG_WARN_UNREACHABLE_CODE = YES;
				CLANG_WARN__DUPLICATE_METHOD_MATCH = YES;
				CODE_SIGN_IDENTITY = "iPhone Developer";
				COPY_PHASE_STRIP = NO;
				DEBUG_INFORMATION_FORMAT = dwarf;
				ENABLE_STRICT_OBJC_MSGSEND = YES;
				ENABLE_TESTABILITY = YES;
				GCC_C_LANGUAGE_STANDARD = gnu11;
				GCC_DYNAMIC_NO_PIC = NO;
				GCC_NO_COMMON_BLOCKS = YES;
				GCC_OPTIMIZATION_LEVEL = 0;
				GCC_PREPROCESSOR_DEFINITIONS = (
					"DEBUG=1",
					"$(inherited)",
				);
				GCC_WARN_64_TO_32_BIT_CONVERSION = YES;
				GCC_WARN_ABOUT_RETURN_TYPE = YES_ERROR;
				GCC_WARN_UNDECLARED_SELECTOR = YES;
				GCC_WARN_UNINITIALIZED_AUTOS = YES_AGGRESSIVE;
				GCC_WARN_UNUSED_FUNCTION = YES;
				GCC_WARN_UNUSED_VARIABLE = YES;
				IPHONEOS_DEPLOYMENT_TARGET = 11.4;
				MTL_ENABLE_DEBUG_INFO = YES;
				ONLY_ACTIVE_ARCH = YES;
				SDKROOT = iphoneos;
				SWIFT_ACTIVE_COMPILATION_CONDITIONS = DEBUG;
				SWIFT_OPTIMIZATION_LEVEL = "-Onone";
			};
			name = Debug;
		};
		1E13A07820FD0A94001763B2 /* Release */ = {
			isa = XCBuildConfiguration;
			buildSettings = {
				ALWAYS_SEARCH_USER_PATHS = NO;
				CLANG_ANALYZER_NONNULL = YES;
				CLANG_ANALYZER_NUMBER_OBJECT_CONVERSION = YES_AGGRESSIVE;
				CLANG_CXX_LANGUAGE_STANDARD = "gnu++14";
				CLANG_CXX_LIBRARY = "libc++";
				CLANG_ENABLE_MODULES = YES;
				CLANG_ENABLE_OBJC_ARC = YES;
				CLANG_ENABLE_OBJC_WEAK = YES;
				CLANG_WARN_BLOCK_CAPTURE_AUTORELEASING = YES;
				CLANG_WARN_BOOL_CONVERSION = YES;
				CLANG_WARN_COMMA = YES;
				CLANG_WARN_CONSTANT_CONVERSION = YES;
				CLANG_WARN_DEPRECATED_OBJC_IMPLEMENTATIONS = YES;
				CLANG_WARN_DIRECT_OBJC_ISA_USAGE = YES_ERROR;
				CLANG_WARN_DOCUMENTATION_COMMENTS = YES;
				CLANG_WARN_EMPTY_BODY = YES;
				CLANG_WARN_ENUM_CONVERSION = YES;
				CLANG_WARN_INFINITE_RECURSION = YES;
				CLANG_WARN_INT_CONVERSION = YES;
				CLANG_WARN_NON_LITERAL_NULL_CONVERSION = YES;
				CLANG_WARN_OBJC_IMPLICIT_RETAIN_SELF = YES;
				CLANG_WARN_OBJC_LITERAL_CONVERSION = YES;
				CLANG_WARN_OBJC_ROOT_CLASS = YES_ERROR;
				CLANG_WARN_RANGE_LOOP_ANALYSIS = YES;
				CLANG_WARN_STRICT_PROTOTYPES = YES;
				CLANG_WARN_SUSPICIOUS_MOVE = YES;
				CLANG_WARN_UNGUARDED_AVAILABILITY = YES_AGGRESSIVE;
				CLANG_WARN_UNREACHABLE_CODE = YES;
				CLANG_WARN__DUPLICATE_METHOD_MATCH = YES;
				CODE_SIGN_IDENTITY = "iPhone Developer";
				COPY_PHASE_STRIP = NO;
				DEBUG_INFORMATION_FORMAT = "dwarf-with-dsym";
				ENABLE_NS_ASSERTIONS = NO;
				ENABLE_STRICT_OBJC_MSGSEND = YES;
				GCC_C_LANGUAGE_STANDARD = gnu11;
				GCC_NO_COMMON_BLOCKS = YES;
				GCC_WARN_64_TO_32_BIT_CONVERSION = YES;
				GCC_WARN_ABOUT_RETURN_TYPE = YES_ERROR;
				GCC_WARN_UNDECLARED_SELECTOR = YES;
				GCC_WARN_UNINITIALIZED_AUTOS = YES_AGGRESSIVE;
				GCC_WARN_UNUSED_FUNCTION = YES;
				GCC_WARN_UNUSED_VARIABLE = YES;
				IPHONEOS_DEPLOYMENT_TARGET = 11.4;
				MTL_ENABLE_DEBUG_INFO = NO;
				SDKROOT = iphoneos;
				SWIFT_COMPILATION_MODE = wholemodule;
				SWIFT_OPTIMIZATION_LEVEL = "-O";
				VALIDATE_PRODUCT = YES;
			};
			name = Release;
		};
		1E13A07A20FD0A94001763B2 /* Debug */ = {
			isa = XCBuildConfiguration;
			baseConfigurationReference = E52C30CC610027D9DA8884F0 /* Pods-RapApp.debug.xcconfig */;
			buildSettings = {
				ASSETCATALOG_COMPILER_APPICON_NAME = AppIcon;
				CODE_SIGN_STYLE = Automatic;
				DEVELOPMENT_TEAM = DT2KMDQMDL;
				INFOPLIST_FILE = RapApp/Info.plist;
				LD_RUNPATH_SEARCH_PATHS = (
					"$(inherited)",
					"@executable_path/Frameworks",
				);
				PRODUCT_BUNDLE_IDENTIFIER = com.HayashiMichael.RapApp;
				PRODUCT_NAME = "$(TARGET_NAME)";
				SWIFT_VERSION = 4.0;
				TARGETED_DEVICE_FAMILY = "1,2";
			};
			name = Debug;
		};
		1E13A07B20FD0A94001763B2 /* Release */ = {
			isa = XCBuildConfiguration;
			baseConfigurationReference = F4E9AFDB18B1425CF9055784 /* Pods-RapApp.release.xcconfig */;
			buildSettings = {
				ASSETCATALOG_COMPILER_APPICON_NAME = AppIcon;
				CODE_SIGN_STYLE = Automatic;
				DEVELOPMENT_TEAM = DT2KMDQMDL;
				INFOPLIST_FILE = RapApp/Info.plist;
				LD_RUNPATH_SEARCH_PATHS = (
					"$(inherited)",
					"@executable_path/Frameworks",
				);
				PRODUCT_BUNDLE_IDENTIFIER = com.HayashiMichael.RapApp;
				PRODUCT_NAME = "$(TARGET_NAME)";
				SWIFT_VERSION = 4.0;
				TARGETED_DEVICE_FAMILY = "1,2";
			};
			name = Release;
		};
/* End XCBuildConfiguration section */

/* Begin XCConfigurationList section */
		1E13A05F20FD0A93001763B2 /* Build configuration list for PBXProject "RapApp" */ = {
			isa = XCConfigurationList;
			buildConfigurations = (
				1E13A07720FD0A94001763B2 /* Debug */,
				1E13A07820FD0A94001763B2 /* Release */,
			);
			defaultConfigurationIsVisible = 0;
			defaultConfigurationName = Release;
		};
		1E13A07920FD0A94001763B2 /* Build configuration list for PBXNativeTarget "RapApp" */ = {
			isa = XCConfigurationList;
			buildConfigurations = (
				1E13A07A20FD0A94001763B2 /* Debug */,
				1E13A07B20FD0A94001763B2 /* Release */,
			);
			defaultConfigurationIsVisible = 0;
			defaultConfigurationName = Release;
		};
/* End XCConfigurationList section */

/* Begin XCVersionGroup section */
		1E13A06E20FD0A93001763B2 /* RapApp.xcdatamodeld */ = {
			isa = XCVersionGroup;
			children = (
				1E13A06F20FD0A93001763B2 /* RapApp.xcdatamodel */,
			);
			currentVersion = 1E13A06F20FD0A93001763B2 /* RapApp.xcdatamodel */;
			path = RapApp.xcdatamodeld;
			sourceTree = "<group>";
			versionGroupType = wrapper.xcdatamodel;
		};
/* End XCVersionGroup section */
	};
	rootObject = 1E13A05C20FD0A93001763B2 /* Project object */;
}
