// !$*UTF8*$!
{
	archiveVersion = 1;
	classes = {
	};
	objectVersion = 50;
	objects = {

/* Begin PBXBuildFile section */
		1E13A06820FD0A93001763B2 /* AppDelegate.swift in Sources */ = {isa = PBXBuildFile; fileRef = 1E13A06720FD0A93001763B2 /* AppDelegate.swift */; };
		1E13A06A20FD0A93001763B2 /* ViewController.swift in Sources */ = {isa = PBXBuildFile; fileRef = 1E13A06920FD0A93001763B2 /* ViewController.swift */; };
		1E13A06D20FD0A93001763B2 /* Main.storyboard in Resources */ = {isa = PBXBuildFile; fileRef = 1E13A06B20FD0A93001763B2 /* Main.storyboard */; };
		1E13A07020FD0A93001763B2 /* RapApp.xcdatamodeld in Sources */ = {isa = PBXBuildFile; fileRef = 1E13A06E20FD0A93001763B2 /* RapApp.xcdatamodeld */; };
		1E13A07220FD0A94001763B2 /* Assets.xcassets in Resources */ = {isa = PBXBuildFile; fileRef = 1E13A07120FD0A94001763B2 /* Assets.xcassets */; };
		1E13A07520FD0A94001763B2 /* LaunchScreen.storyboard in Resources */ = {isa = PBXBuildFile; fileRef = 1E13A07320FD0A94001763B2 /* LaunchScreen.storyboard */; };
		FA7AD17F20FD12E50027940A /* DatamuseAPIService.swift in Sources */ = {isa = PBXBuildFile; fileRef = FA7AD17E20FD12E50027940A /* DatamuseAPIService.swift */; };
		FA7AD18320FD13790027940A /* WordModel.swift in Sources */ = {isa = PBXBuildFile; fileRef = FA7AD18220FD13790027940A /* WordModel.swift */; };
/* End PBXBuildFile section */

/* Begin PBXFileReference section */
		1E13A06420FD0A93001763B2 /* RapApp.app */ = {isa = PBXFileReference; explicitFileType = wrapper.application; includeInIndex = 0; path = RapApp.app; sourceTree = BUILT_PRODUCTS_DIR; };
		1E13A06720FD0A93001763B2 /* AppDelegate.swift */ = {isa = PBXFileReference; lastKnownFileType = sourcecode.swift; path = AppDelegate.swift; sourceTree = "<group>"; };
		1E13A06920FD0A93001763B2 /* ViewController.swift */ = {isa = PBXFileReference; lastKnownFileType = sourcecode.swift; path = ViewController.swift; sourceTree = "<group>"; };
		1E13A06C20FD0A93001763B2 /* Base */ = {isa = PBXFileReference; lastKnownFileType = file.storyboard; name = Base; path = Base.lproj/Main.storyboard; sourceTree = "<group>"; };
		1E13A06F20FD0A93001763B2 /* RapApp.xcdatamodel */ = {isa = PBXFileReference; lastKnownFileType = wrapper.xcdatamodel; path = RapApp.xcdatamodel; sourceTree = "<group>"; };
		1E13A07120FD0A94001763B2 /* Assets.xcassets */ = {isa = PBXFileReference; lastKnownFileType = folder.assetcatalog; path = Assets.xcassets; sourceTree = "<group>"; };
		1E13A07420FD0A94001763B2 /* Base */ = {isa = PBXFileReference; lastKnownFileType = file.storyboard; name = Base; path = Base.lproj/LaunchScreen.storyboard; sourceTree = "<group>"; };
		1E13A07620FD0A94001763B2 /* Info.plist */ = {isa = PBXFileReference; lastKnownFileType = text.plist.xml; path = Info.plist; sourceTree = "<group>"; };
		FA7AD17E20FD12E50027940A /* DatamuseAPIService.swift */ = {isa = PBXFileReference; lastKnownFileType = sourcecode.swift; path = DatamuseAPIService.swift; sourceTree = "<group>"; };
		FA7AD18220FD13790027940A /* WordModel.swift */ = {isa = PBXFileReference; lastKnownFileType = sourcecode.swift; path = WordModel.swift; sourceTree = "<group>"; };
/* End PBXFileReference section */

/* Begin PBXFrameworksBuildPhase section */
		1E13A06120FD0A93001763B2 /* Frameworks */ = {
			isa = PBXFrameworksBuildPhase;
			buildActionMask = 2147483647;
			files = (
			);
			runOnlyForDeploymentPostprocessing = 0;
		};
/* End PBXFrameworksBuildPhase section */

/* Begin PBXGroup section */
		1E13A05B20FD0A93001763B2 = {
			isa = PBXGroup;
			children = (
				1E13A06620FD0A93001763B2 /* RapApp */,
				1E13A06520FD0A93001763B2 /* Products */,
			);
			sourceTree = "<group>";
		};
		1E13A06520FD0A93001763B2 /* Products */ = {
			isa = PBXGroup;
			children = (
				1E13A06420FD0A93001763B2 /* RapApp.app */,
			);
			name = Products;
			sourceTree = "<group>";
		};
		1E13A06620FD0A93001763B2 /* RapApp */ = {
			isa = PBXGroup;
			children = (
				1E13A06720FD0A93001763B2 /* AppDelegate.swift */,
				1E13A07D20FD0D7B001763B2 /* View */,
				1E13A07C20FD0D6E001763B2 /* Model */,
				1E13A07F20FD0D8A001763B2 /* Controller */,
				1E13A08020FD0D91001763B2 /* Storyboard */,
				1E13A08320FD0DE7001763B2 /* Services */,
				1E13A08120FD0DDA001763B2 /* Helpers */,
				1E13A08220FD0DDE001763B2 /* Extensions */,
				1E13A07120FD0A94001763B2 /* Assets.xcassets */,
				1E13A07620FD0A94001763B2 /* Info.plist */,
				1E13A06E20FD0A93001763B2 /* RapApp.xcdatamodeld */,
			);
			path = RapApp;
			sourceTree = "<group>";
		};
		1E13A07C20FD0D6E001763B2 /* Model */ = {
			isa = PBXGroup;
			children = (
				FA7AD18220FD13790027940A /* WordModel.swift */,
			);
			path = Model;
			sourceTree = "<group>";
		};
		1E13A07D20FD0D7B001763B2 /* View */ = {
			isa = PBXGroup;
			children = (
			);
			path = View;
			sourceTree = "<group>";
		};
		1E13A07F20FD0D8A001763B2 /* Controller */ = {
			isa = PBXGroup;
			children = (
				1E13A06920FD0A93001763B2 /* ViewController.swift */,
			);
			path = Controller;
			sourceTree = "<group>";
		};
		1E13A08020FD0D91001763B2 /* Storyboard */ = {
			isa = PBXGroup;
			children = (
				1E13A06B20FD0A93001763B2 /* Main.storyboard */,
				1E13A07320FD0A94001763B2 /* LaunchScreen.storyboard */,
			);
			path = Storyboard;
			sourceTree = "<group>";
		};
		1E13A08120FD0DDA001763B2 /* Helpers */ = {
			isa = PBXGroup;
			children = (
			);
			path = Helpers;
			sourceTree = "<group>";
		};
		1E13A08220FD0DDE001763B2 /* Extensions */ = {
			isa = PBXGroup;
			children = (
			);
			path = Extensions;
			sourceTree = "<group>";
		};
		1E13A08320FD0DE7001763B2 /* Services */ = {
			isa = PBXGroup;
			children = (
				FA7AD17E20FD12E50027940A /* DatamuseAPIService.swift */,
			);
			path = Services;
			sourceTree = "<group>";
		};
/* End PBXGroup section */

/* Begin PBXNativeTarget section */
		1E13A06320FD0A93001763B2 /* RapApp */ = {
			isa = PBXNativeTarget;
			buildConfigurationList = 1E13A07920FD0A94001763B2 /* Build configuration list for PBXNativeTarget "RapApp" */;
			buildPhases = (
				1E13A06020FD0A93001763B2 /* Sources */,
				1E13A06120FD0A93001763B2 /* Frameworks */,
				1E13A06220FD0A93001763B2 /* Resources */,
			);
			buildRules = (
			);
			dependencies = (
			);
			name = RapApp;
			productName = RapApp;
			productReference = 1E13A06420FD0A93001763B2 /* RapApp.app */;
			productType = "com.apple.product-type.application";
		};
/* End PBXNativeTarget section */

/* Begin PBXProject section */
		1E13A05C20FD0A93001763B2 /* Project object */ = {
			isa = PBXProject;
			attributes = {
				LastSwiftUpdateCheck = 0940;
				LastUpgradeCheck = 0940;
				ORGANIZATIONNAME = "Michael Hayashi";
				TargetAttributes = {
					1E13A06320FD0A93001763B2 = {
						CreatedOnToolsVersion = 9.4.1;
					};
				};
			};
			buildConfigurationList = 1E13A05F20FD0A93001763B2 /* Build configuration list for PBXProject "RapApp" */;
			compatibilityVersion = "Xcode 9.3";
			developmentRegion = en;
			hasScannedForEncodings = 0;
			knownRegions = (
				en,
				Base,
			);
			mainGroup = 1E13A05B20FD0A93001763B2;
			productRefGroup = 1E13A06520FD0A93001763B2 /* Products */;
			projectDirPath = "";
			projectRoot = "";
			targets = (
				1E13A06320FD0A93001763B2 /* RapApp */,
			);
		};
/* End PBXProject section */

/* Begin PBXResourcesBuildPhase section */
		1E13A06220FD0A93001763B2 /* Resources */ = {
			isa = PBXResourcesBuildPhase;
			buildActionMask = 2147483647;
			files = (
				1E13A07520FD0A94001763B2 /* LaunchScreen.storyboard in Resources */,
				1E13A07220FD0A94001763B2 /* Assets.xcassets in Resources */,
				1E13A06D20FD0A93001763B2 /* Main.storyboard in Resources */,
			);
			runOnlyForDeploymentPostprocessing = 0;
		};
/* End PBXResourcesBuildPhase section */

/* Begin PBXSourcesBuildPhase section */
		1E13A06020FD0A93001763B2 /* Sources */ = {
			isa = PBXSourcesBuildPhase;
			buildActionMask = 2147483647;
			files = (
				1E13A06A20FD0A93001763B2 /* ViewController.swift in Sources */,
				1E13A06820FD0A93001763B2 /* AppDelegate.swift in Sources */,
				FA7AD17F20FD12E50027940A /* DatamuseAPIService.swift in Sources */,
				1E13A07020FD0A93001763B2 /* RapApp.xcdatamodeld in Sources */,
				FA7AD18320FD13790027940A /* WordModel.swift in Sources */,
			);
			runOnlyForDeploymentPostprocessing = 0;
		};
/* End PBXSourcesBuildPhase section */

/* Begin PBXVariantGroup section */
		1E13A06B20FD0A93001763B2 /* Main.storyboard */ = {
			isa = PBXVariantGroup;
			children = (
				1E13A06C20FD0A93001763B2 /* Base */,
			);
			name = Main.storyboard;
			sourceTree = "<group>";
		};
		1E13A07320FD0A94001763B2 /* LaunchScreen.storyboard */ = {
			isa = PBXVariantGroup;
			children = (
				1E13A07420FD0A94001763B2 /* Base */,
			);
			name = LaunchScreen.storyboard;
			sourceTree = "<group>";
		};
/* End PBXVariantGroup section */

/* Begin XCBuildConfiguration section */
		1E13A07720FD0A94001763B2 /* Debug */ = {
			isa = XCBuildConfiguration;
			buildSettings = {
				ALWAYS_SEARCH_USER_PATHS = NO;
				CLANG_ANALYZER_NONNULL = YES;
				CLANG_ANALYZER_NUMBER_OBJECT_CONVERSION = YES_AGGRESSIVE;
				CLANG_CXX_LANGUAGE_STANDARD = "gnu++14";
				CLANG_CXX_LIBRARY = "libc++";
				CLANG_ENABLE_MODULES = YES;
				CLANG_ENABLE_OBJC_ARC = YES;
				CLANG_ENABLE_OBJC_WEAK = YES;
				CLANG_WARN_BLOCK_CAPTURE_AUTORELEASING = YES;
				CLANG_WARN_BOOL_CONVERSION = YES;
				CLANG_WARN_COMMA = YES;
				CLANG_WARN_CONSTANT_CONVERSION = YES;
				CLANG_WARN_DEPRECATED_OBJC_IMPLEMENTATIONS = YES;
				CLANG_WARN_DIRECT_OBJC_ISA_USAGE = YES_ERROR;
				CLANG_WARN_DOCUMENTATION_COMMENTS = YES;
				CLANG_WARN_EMPTY_BODY = YES;
				CLANG_WARN_ENUM_CONVERSION = YES;
				CLANG_WARN_INFINITE_RECURSION = YES;
				CLANG_WARN_INT_CONVERSION = YES;
				CLANG_WARN_NON_LITERAL_NULL_CONVERSION = YES;
				CLANG_WARN_OBJC_IMPLICIT_RETAIN_SELF = YES;
				CLANG_WARN_OBJC_LITERAL_CONVERSION = YES;
				CLANG_WARN_OBJC_ROOT_CLASS = YES_ERROR;
				CLANG_WARN_RANGE_LOOP_ANALYSIS = YES;
				CLANG_WARN_STRICT_PROTOTYPES = YES;
				CLANG_WARN_SUSPICIOUS_MOVE = YES;
				CLANG_WARN_UNGUARDED_AVAILABILITY = YES_AGGRESSIVE;
				CLANG_WARN_UNREACHABLE_CODE = YES;
				CLANG_WARN__DUPLICATE_METHOD_MATCH = YES;
				CODE_SIGN_IDENTITY = "iPhone Developer";
				COPY_PHASE_STRIP = NO;
				DEBUG_INFORMATION_FORMAT = dwarf;
				ENABLE_STRICT_OBJC_MSGSEND = YES;
				ENABLE_TESTABILITY = YES;
				GCC_C_LANGUAGE_STANDARD = gnu11;
				GCC_DYNAMIC_NO_PIC = NO;
				GCC_NO_COMMON_BLOCKS = YES;
				GCC_OPTIMIZATION_LEVEL = 0;
				GCC_PREPROCESSOR_DEFINITIONS = (
					"DEBUG=1",
					"$(inherited)",
				);
				GCC_WARN_64_TO_32_BIT_CONVERSION = YES;
				GCC_WARN_ABOUT_RETURN_TYPE = YES_ERROR;
				GCC_WARN_UNDECLARED_SELECTOR = YES;
				GCC_WARN_UNINITIALIZED_AUTOS = YES_AGGRESSIVE;
				GCC_WARN_UNUSED_FUNCTION = YES;
				GCC_WARN_UNUSED_VARIABLE = YES;
				IPHONEOS_DEPLOYMENT_TARGET = 11.4;
				MTL_ENABLE_DEBUG_INFO = YES;
				ONLY_ACTIVE_ARCH = YES;
				SDKROOT = iphoneos;
				SWIFT_ACTIVE_COMPILATION_CONDITIONS = DEBUG;
				SWIFT_OPTIMIZATION_LEVEL = "-Onone";
			};
			name = Debug;
		};
		1E13A07820FD0A94001763B2 /* Release */ = {
			isa = XCBuildConfiguration;
			buildSettings = {
				ALWAYS_SEARCH_USER_PATHS = NO;
				CLANG_ANALYZER_NONNULL = YES;
				CLANG_ANALYZER_NUMBER_OBJECT_CONVERSION = YES_AGGRESSIVE;
				CLANG_CXX_LANGUAGE_STANDARD = "gnu++14";
				CLANG_CXX_LIBRARY = "libc++";
				CLANG_ENABLE_MODULES = YES;
				CLANG_ENABLE_OBJC_ARC = YES;
				CLANG_ENABLE_OBJC_WEAK = YES;
				CLANG_WARN_BLOCK_CAPTURE_AUTORELEASING = YES;
				CLANG_WARN_BOOL_CONVERSION = YES;
				CLANG_WARN_COMMA = YES;
				CLANG_WARN_CONSTANT_CONVERSION = YES;
				CLANG_WARN_DEPRECATED_OBJC_IMPLEMENTATIONS = YES;
				CLANG_WARN_DIRECT_OBJC_ISA_USAGE = YES_ERROR;
				CLANG_WARN_DOCUMENTATION_COMMENTS = YES;
				CLANG_WARN_EMPTY_BODY = YES;
				CLANG_WARN_ENUM_CONVERSION = YES;
				CLANG_WARN_INFINITE_RECURSION = YES;
				CLANG_WARN_INT_CONVERSION = YES;
				CLANG_WARN_NON_LITERAL_NULL_CONVERSION = YES;
				CLANG_WARN_OBJC_IMPLICIT_RETAIN_SELF = YES;
				CLANG_WARN_OBJC_LITERAL_CONVERSION = YES;
				CLANG_WARN_OBJC_ROOT_CLASS = YES_ERROR;
				CLANG_WARN_RANGE_LOOP_ANALYSIS = YES;
				CLANG_WARN_STRICT_PROTOTYPES = YES;
				CLANG_WARN_SUSPICIOUS_MOVE = YES;
				CLANG_WARN_UNGUARDED_AVAILABILITY = YES_AGGRESSIVE;
				CLANG_WARN_UNREACHABLE_CODE = YES;
				CLANG_WARN__DUPLICATE_METHOD_MATCH = YES;
				CODE_SIGN_IDENTITY = "iPhone Developer";
				COPY_PHASE_STRIP = NO;
				DEBUG_INFORMATION_FORMAT = "dwarf-with-dsym";
				ENABLE_NS_ASSERTIONS = NO;
				ENABLE_STRICT_OBJC_MSGSEND = YES;
				GCC_C_LANGUAGE_STANDARD = gnu11;
				GCC_NO_COMMON_BLOCKS = YES;
				GCC_WARN_64_TO_32_BIT_CONVERSION = YES;
				GCC_WARN_ABOUT_RETURN_TYPE = YES_ERROR;
				GCC_WARN_UNDECLARED_SELECTOR = YES;
				GCC_WARN_UNINITIALIZED_AUTOS = YES_AGGRESSIVE;
				GCC_WARN_UNUSED_FUNCTION = YES;
				GCC_WARN_UNUSED_VARIABLE = YES;
				IPHONEOS_DEPLOYMENT_TARGET = 11.4;
				MTL_ENABLE_DEBUG_INFO = NO;
				SDKROOT = iphoneos;
				SWIFT_COMPILATION_MODE = wholemodule;
				SWIFT_OPTIMIZATION_LEVEL = "-O";
				VALIDATE_PRODUCT = YES;
			};
			name = Release;
		};
		1E13A07A20FD0A94001763B2 /* Debug */ = {
			isa = XCBuildConfiguration;
			buildSettings = {
				ASSETCATALOG_COMPILER_APPICON_NAME = AppIcon;
				CODE_SIGN_STYLE = Automatic;
				DEVELOPMENT_TEAM = DT2KMDQMDL;
				INFOPLIST_FILE = RapApp/Info.plist;
				LD_RUNPATH_SEARCH_PATHS = (
					"$(inherited)",
					"@executable_path/Frameworks",
				);
				PRODUCT_BUNDLE_IDENTIFIER = com.HayashiMichael.RapApp;
				PRODUCT_NAME = "$(TARGET_NAME)";
				SWIFT_VERSION = 4.0;
				TARGETED_DEVICE_FAMILY = "1,2";
			};
			name = Debug;
		};
		1E13A07B20FD0A94001763B2 /* Release */ = {
			isa = XCBuildConfiguration;
			buildSettings = {
				ASSETCATALOG_COMPILER_APPICON_NAME = AppIcon;
				CODE_SIGN_STYLE = Automatic;
				DEVELOPMENT_TEAM = DT2KMDQMDL;
				INFOPLIST_FILE = RapApp/Info.plist;
				LD_RUNPATH_SEARCH_PATHS = (
					"$(inherited)",
					"@executable_path/Frameworks",
				);
				PRODUCT_BUNDLE_IDENTIFIER = com.HayashiMichael.RapApp;
				PRODUCT_NAME = "$(TARGET_NAME)";
				SWIFT_VERSION = 4.0;
				TARGETED_DEVICE_FAMILY = "1,2";
			};
			name = Release;
		};
/* End XCBuildConfiguration section */

/* Begin XCConfigurationList section */
		1E13A05F20FD0A93001763B2 /* Build configuration list for PBXProject "RapApp" */ = {
			isa = XCConfigurationList;
			buildConfigurations = (
				1E13A07720FD0A94001763B2 /* Debug */,
				1E13A07820FD0A94001763B2 /* Release */,
			);
			defaultConfigurationIsVisible = 0;
			defaultConfigurationName = Release;
		};
		1E13A07920FD0A94001763B2 /* Build configuration list for PBXNativeTarget "RapApp" */ = {
			isa = XCConfigurationList;
			buildConfigurations = (
				1E13A07A20FD0A94001763B2 /* Debug */,
				1E13A07B20FD0A94001763B2 /* Release */,
			);
			defaultConfigurationIsVisible = 0;
			defaultConfigurationName = Release;
		};
/* End XCConfigurationList section */

/* Begin XCVersionGroup section */
		1E13A06E20FD0A93001763B2 /* RapApp.xcdatamodeld */ = {
			isa = XCVersionGroup;
			children = (
				1E13A06F20FD0A93001763B2 /* RapApp.xcdatamodel */,
			);
			currentVersion = 1E13A06F20FD0A93001763B2 /* RapApp.xcdatamodel */;
			path = RapApp.xcdatamodeld;
			sourceTree = "<group>";
			versionGroupType = wrapper.xcdatamodel;
		};
/* End XCVersionGroup section */
	};
	rootObject = 1E13A05C20FD0A93001763B2 /* Project object */;
}
